
Microsoft Visual Studio Solution File, Format Version 12.00
# Visual Studio Version 17
VisualStudioVersion = 17.3.32929.385
MinimumVisualStudioVersion = 10.0.40219.1
Project("{FAE04EC0-301F-11D3-BF4B-00C04F79EFBC}") = "Realtime_master_peak", "Realtime_master_peak\Realtime_master_peak.csproj", "{F13B5B38-5288-42F9-9F25-0911E4A102E4}"
EndProject
Global
	GlobalSection(SolutionConfigurationPlatforms) = preSolution
		Debug|Any CPU = Debug|Any CPU
		Release|Any CPU = Release|Any CPU
	EndGlobalSection
	GlobalSection(ProjectConfigurationPlatforms) = postSolution
		{F13B5B38-5288-42F9-9F25-0911E4A102E4}.Debug|Any CPU.ActiveCfg = Debug|Any CPU
		{F13B5B38-5288-42F9-9F25-0911E4A102E4}.Debug|Any CPU.Build.0 = Debug|Any CPU
		{F13B5B38-5288-42F9-9F25-0911E4A102E4}.Release|Any CPU.ActiveCfg = Release|Any CPU
		{F13B5B38-5288-42F9-9F25-0911E4A102E4}.Release|Any CPU.Build.0 = Release|Any CPU
	EndGlobalSection
	GlobalSection(SolutionProperties) = preSolution
		HideSolutionNode = FALSE
	EndGlobalSection
	GlobalSection(ExtensibilityGlobals) = postSolution
		SolutionGuid = {03A9CEF9-A8AA-499B-915D-0B9A885E8972}
	EndGlobalSection
EndGlobal
